
Microsoft Visual Studio Solution File, Format Version 12.00
# Visual Studio Version 17
VisualStudioVersion = 17.5.2.0
MinimumVisualStudioVersion = 10.0.40219.1
Project("{FAE04EC0-301F-11D3-BF4B-00C04F79EFBC}") = "практична 10,11", "практична 10,11.csproj", "{35CD538F-1EBB-0766-2033-7923AB1180DD}"
EndProject
Global
	GlobalSection(SolutionConfigurationPlatforms) = preSolution
		Debug|Any CPU = Debug|Any CPU
		Release|Any CPU = Release|Any CPU
	EndGlobalSection
	GlobalSection(ProjectConfigurationPlatforms) = postSolution
		{35CD538F-1EBB-0766-2033-7923AB1180DD}.Debug|Any CPU.ActiveCfg = Debug|Any CPU
		{35CD538F-1EBB-0766-2033-7923AB1180DD}.Debug|Any CPU.Build.0 = Debug|Any CPU
		{35CD538F-1EBB-0766-2033-7923AB1180DD}.Release|Any CPU.ActiveCfg = Release|Any CPU
		{35CD538F-1EBB-0766-2033-7923AB1180DD}.Release|Any CPU.Build.0 = Release|Any CPU
	EndGlobalSection
	GlobalSection(SolutionProperties) = preSolution
		HideSolutionNode = FALSE
	EndGlobalSection
	GlobalSection(ExtensibilityGlobals) = postSolution
		SolutionGuid = {AF70D6A5-353C-4B58-AD9B-D5E2532EE819}
	EndGlobalSection
EndGlobal
