
Microsoft Visual Studio Solution File, Format Version 12.00
# Visual Studio Version 17
VisualStudioVersion = 17.7.34202.233
MinimumVisualStudioVersion = 10.0.40219.1
Project("{FAE04EC0-301F-11D3-BF4B-00C04F79EFBC}") = "ConsoleApp1", "ConsoleApp1\ConsoleApp1.csproj", "{0016ABF1-D6E4-4B73-AAF1-209FCD554ADF}"
EndProject
Global
	GlobalSection(SolutionConfigurationPlatforms) = preSolution
		Debug|Any CPU = Debug|Any CPU
		Release|Any CPU = Release|Any CPU
	EndGlobalSection
	GlobalSection(ProjectConfigurationPlatforms) = postSolution
		{0016ABF1-D6E4-4B73-AAF1-209FCD554ADF}.Debug|Any CPU.ActiveCfg = Debug|Any CPU
		{0016ABF1-D6E4-4B73-AAF1-209FCD554ADF}.Debug|Any CPU.Build.0 = Debug|Any CPU
		{0016ABF1-D6E4-4B73-AAF1-209FCD554ADF}.Release|Any CPU.ActiveCfg = Release|Any CPU
		{0016ABF1-D6E4-4B73-AAF1-209FCD554ADF}.Release|Any CPU.Build.0 = Release|Any CPU
	EndGlobalSection
	GlobalSection(SolutionProperties) = preSolution
		HideSolutionNode = FALSE
	EndGlobalSection
	GlobalSection(ExtensibilityGlobals) = postSolution
		SolutionGuid = {D6C92E13-859F-48C9-B8CA-DE39A9DDA837}
	EndGlobalSection
EndGlobal
