
Microsoft Visual Studio Solution File, Format Version 12.00
# Visual Studio Version 17
VisualStudioVersion = 17.5.2.0
MinimumVisualStudioVersion = 10.0.40219.1
Project("{FAE04EC0-301F-11D3-BF4B-00C04F79EFBC}") = "практична 15", "практична 15.csproj", "{462DCB13-B82E-0A0C-0053-A01520AAA713}"
EndProject
Global
	GlobalSection(SolutionConfigurationPlatforms) = preSolution
		Debug|Any CPU = Debug|Any CPU
		Release|Any CPU = Release|Any CPU
	EndGlobalSection
	GlobalSection(ProjectConfigurationPlatforms) = postSolution
		{462DCB13-B82E-0A0C-0053-A01520AAA713}.Debug|Any CPU.ActiveCfg = Debug|Any CPU
		{462DCB13-B82E-0A0C-0053-A01520AAA713}.Debug|Any CPU.Build.0 = Debug|Any CPU
		{462DCB13-B82E-0A0C-0053-A01520AAA713}.Release|Any CPU.ActiveCfg = Release|Any CPU
		{462DCB13-B82E-0A0C-0053-A01520AAA713}.Release|Any CPU.Build.0 = Release|Any CPU
	EndGlobalSection
	GlobalSection(SolutionProperties) = preSolution
		HideSolutionNode = FALSE
	EndGlobalSection
	GlobalSection(ExtensibilityGlobals) = postSolution
		SolutionGuid = {87D8494E-3924-4F84-B22F-8AC901059AA4}
	EndGlobalSection
EndGlobal
